// !$*UTF8*$!
{
	archiveVersion = 1;
	classes = {
	};
	objectVersion = 46;
	objects = {

/* Begin PBXBuildFile section */
		38288FB71BB42EA3000C386C /* main.m in Sources */ = {isa = PBXBuildFile; fileRef = 38288FB61BB42EA3000C386C /* main.m */; };
		38288FBA1BB42EA3000C386C /* AppDelegate.m in Sources */ = {isa = PBXBuildFile; fileRef = 38288FB91BB42EA3000C386C /* AppDelegate.m */; };
		38288FBD1BB42EA3000C386C /* ViewController.m in Sources */ = {isa = PBXBuildFile; fileRef = 38288FBC1BB42EA3000C386C /* ViewController.m */; };
		38288FC01BB42EA3000C386C /* Main.storyboard in Resources */ = {isa = PBXBuildFile; fileRef = 38288FBE1BB42EA3000C386C /* Main.storyboard */; };
		38288FC21BB42EA3000C386C /* Images.xcassets in Resources */ = {isa = PBXBuildFile; fileRef = 38288FC11BB42EA3000C386C /* Images.xcassets */; };
		38288FC51BB42EA3000C386C /* LaunchScreen.xib in Resources */ = {isa = PBXBuildFile; fileRef = 38288FC31BB42EA3000C386C /* LaunchScreen.xib */; };
		38288FD11BB42EA3000C386C /* TalkinToTheNetTests.m in Sources */ = {isa = PBXBuildFile; fileRef = 38288FD01BB42EA3000C386C /* TalkinToTheNetTests.m */; };
		38288FDC1BB43481000C386C /* APIManager.m in Sources */ = {isa = PBXBuildFile; fileRef = 38288FDB1BB43481000C386C /* APIManager.m */; };
		38288FDF1BB4351F000C386C /* place.m in Sources */ = {isa = PBXBuildFile; fileRef = 38288FDE1BB4351F000C386C /* place.m */; };
		38288FE21BB45A3B000C386C /* placeDetailViewController.m in Sources */ = {isa = PBXBuildFile; fileRef = 38288FE11BB45A3B000C386C /* placeDetailViewController.m */; };
/* End PBXBuildFile section */

/* Begin PBXContainerItemProxy section */
		38288FCB1BB42EA3000C386C /* PBXContainerItemProxy */ = {
			isa = PBXContainerItemProxy;
			containerPortal = 38288FA91BB42EA1000C386C /* Project object */;
			proxyType = 1;
			remoteGlobalIDString = 38288FB01BB42EA1000C386C;
			remoteInfo = TalkinToTheNet;
		};
/* End PBXContainerItemProxy section */

/* Begin PBXFileReference section */
		38288FB11BB42EA2000C386C /* TalkinToTheNet.app */ = {isa = PBXFileReference; explicitFileType = wrapper.application; includeInIndex = 0; path = TalkinToTheNet.app; sourceTree = BUILT_PRODUCTS_DIR; };
		38288FB51BB42EA3000C386C /* Info.plist */ = {isa = PBXFileReference; lastKnownFileType = text.plist.xml; path = Info.plist; sourceTree = "<group>"; };
		38288FB61BB42EA3000C386C /* main.m */ = {isa = PBXFileReference; lastKnownFileType = sourcecode.c.objc; path = main.m; sourceTree = "<group>"; };
		38288FB81BB42EA3000C386C /* AppDelegate.h */ = {isa = PBXFileReference; lastKnownFileType = sourcecode.c.h; path = AppDelegate.h; sourceTree = "<group>"; };
		38288FB91BB42EA3000C386C /* AppDelegate.m */ = {isa = PBXFileReference; lastKnownFileType = sourcecode.c.objc; path = AppDelegate.m; sourceTree = "<group>"; };
		38288FBB1BB42EA3000C386C /* ViewController.h */ = {isa = PBXFileReference; lastKnownFileType = sourcecode.c.h; path = ViewController.h; sourceTree = "<group>"; };
		38288FBC1BB42EA3000C386C /* ViewController.m */ = {isa = PBXFileReference; lastKnownFileType = sourcecode.c.objc; path = ViewController.m; sourceTree = "<group>"; };
		38288FBF1BB42EA3000C386C /* Base */ = {isa = PBXFileReference; lastKnownFileType = file.storyboard; name = Base; path = Base.lproj/Main.storyboard; sourceTree = "<group>"; };
		38288FC11BB42EA3000C386C /* Images.xcassets */ = {isa = PBXFileReference; lastKnownFileType = folder.assetcatalog; path = Images.xcassets; sourceTree = "<group>"; };
		38288FC41BB42EA3000C386C /* Base */ = {isa = PBXFileReference; lastKnownFileType = file.xib; name = Base; path = Base.lproj/LaunchScreen.xib; sourceTree = "<group>"; };
		38288FCA1BB42EA3000C386C /* TalkinToTheNetTests.xctest */ = {isa = PBXFileReference; explicitFileType = wrapper.cfbundle; includeInIndex = 0; path = TalkinToTheNetTests.xctest; sourceTree = BUILT_PRODUCTS_DIR; };
		38288FCF1BB42EA3000C386C /* Info.plist */ = {isa = PBXFileReference; lastKnownFileType = text.plist.xml; path = Info.plist; sourceTree = "<group>"; };
		38288FD01BB42EA3000C386C /* TalkinToTheNetTests.m */ = {isa = PBXFileReference; lastKnownFileType = sourcecode.c.objc; path = TalkinToTheNetTests.m; sourceTree = "<group>"; };
		38288FDA1BB43481000C386C /* APIManager.h */ = {isa = PBXFileReference; fileEncoding = 4; lastKnownFileType = sourcecode.c.h; path = APIManager.h; sourceTree = "<group>"; };
		38288FDB1BB43481000C386C /* APIManager.m */ = {isa = PBXFileReference; fileEncoding = 4; lastKnownFileType = sourcecode.c.objc; path = APIManager.m; sourceTree = "<group>"; };
		38288FDD1BB4351E000C386C /* place.h */ = {isa = PBXFileReference; fileEncoding = 4; lastKnownFileType = sourcecode.c.h; path = place.h; sourceTree = "<group>"; };
		38288FDE1BB4351F000C386C /* place.m */ = {isa = PBXFileReference; fileEncoding = 4; lastKnownFileType = sourcecode.c.objc; path = place.m; sourceTree = "<group>"; };
		38288FE01BB45A3B000C386C /* placeDetailViewController.h */ = {isa = PBXFileReference; fileEncoding = 4; lastKnownFileType = sourcecode.c.h; path = placeDetailViewController.h; sourceTree = "<group>"; };
		38288FE11BB45A3B000C386C /* placeDetailViewController.m */ = {isa = PBXFileReference; fileEncoding = 4; lastKnownFileType = sourcecode.c.objc; path = placeDetailViewController.m; sourceTree = "<group>"; };
/* End PBXFileReference section */

/* Begin PBXFrameworksBuildPhase section */
		38288FAE1BB42EA1000C386C /* Frameworks */ = {
			isa = PBXFrameworksBuildPhase;
			buildActionMask = 2147483647;
			files = (
			);
			runOnlyForDeploymentPostprocessing = 0;
		};
		38288FC71BB42EA3000C386C /* Frameworks */ = {
			isa = PBXFrameworksBuildPhase;
			buildActionMask = 2147483647;
			files = (
			);
			runOnlyForDeploymentPostprocessing = 0;
		};
/* End PBXFrameworksBuildPhase section */

/* Begin PBXGroup section */
		38288FA81BB42EA1000C386C = {
			isa = PBXGroup;
			children = (
				38288FB31BB42EA2000C386C /* TalkinToTheNet */,
				38288FCD1BB42EA3000C386C /* TalkinToTheNetTests */,
				38288FB21BB42EA2000C386C /* Products */,
			);
			sourceTree = "<group>";
		};
		38288FB21BB42EA2000C386C /* Products */ = {
			isa = PBXGroup;
			children = (
				38288FB11BB42EA2000C386C /* TalkinToTheNet.app */,
				38288FCA1BB42EA3000C386C /* TalkinToTheNetTests.xctest */,
			);
			name = Products;
			sourceTree = "<group>";
		};
		38288FB31BB42EA2000C386C /* TalkinToTheNet */ = {
			isa = PBXGroup;
			children = (
				38288FB81BB42EA3000C386C /* AppDelegate.h */,
				38288FB91BB42EA3000C386C /* AppDelegate.m */,
				38288FBB1BB42EA3000C386C /* ViewController.h */,
				38288FBC1BB42EA3000C386C /* ViewController.m */,
				38288FDD1BB4351E000C386C /* place.h */,
				38288FDE1BB4351F000C386C /* place.m */,
				38288FDA1BB43481000C386C /* APIManager.h */,
				38288FDB1BB43481000C386C /* APIManager.m */,
				38288FBE1BB42EA3000C386C /* Main.storyboard */,
				38288FE01BB45A3B000C386C /* placeDetailViewController.h */,
				38288FE11BB45A3B000C386C /* placeDetailViewController.m */,
				38288FC11BB42EA3000C386C /* Images.xcassets */,
				38288FC31BB42EA3000C386C /* LaunchScreen.xib */,
				38288FB41BB42EA2000C386C /* Supporting Files */,
			);
			path = TalkinToTheNet;
			sourceTree = "<group>";
		};
		38288FB41BB42EA2000C386C /* Supporting Files */ = {
			isa = PBXGroup;
			children = (
				38288FB51BB42EA3000C386C /* Info.plist */,
				38288FB61BB42EA3000C386C /* main.m */,
			);
			name = "Supporting Files";
			sourceTree = "<group>";
		};
		38288FCD1BB42EA3000C386C /* TalkinToTheNetTests */ = {
			isa = PBXGroup;
			children = (
				38288FD01BB42EA3000C386C /* TalkinToTheNetTests.m */,
				38288FCE1BB42EA3000C386C /* Supporting Files */,
			);
			path = TalkinToTheNetTests;
			sourceTree = "<group>";
		};
		38288FCE1BB42EA3000C386C /* Supporting Files */ = {
			isa = PBXGroup;
			children = (
				38288FCF1BB42EA3000C386C /* Info.plist */,
			);
			name = "Supporting Files";
			sourceTree = "<group>";
		};
/* End PBXGroup section */

/* Begin PBXNativeTarget section */
		38288FB01BB42EA1000C386C /* TalkinToTheNet */ = {
			isa = PBXNativeTarget;
			buildConfigurationList = 38288FD41BB42EA3000C386C /* Build configuration list for PBXNativeTarget "TalkinToTheNet" */;
			buildPhases = (
				38288FAD1BB42EA1000C386C /* Sources */,
				38288FAE1BB42EA1000C386C /* Frameworks */,
				38288FAF1BB42EA1000C386C /* Resources */,
			);
			buildRules = (
			);
			dependencies = (
			);
			name = TalkinToTheNet;
			productName = TalkinToTheNet;
			productReference = 38288FB11BB42EA2000C386C /* TalkinToTheNet.app */;
			productType = "com.apple.product-type.application";
		};
		38288FC91BB42EA3000C386C /* TalkinToTheNetTests */ = {
			isa = PBXNativeTarget;
			buildConfigurationList = 38288FD71BB42EA3000C386C /* Build configuration list for PBXNativeTarget "TalkinToTheNetTests" */;
			buildPhases = (
				38288FC61BB42EA3000C386C /* Sources */,
				38288FC71BB42EA3000C386C /* Frameworks */,
				38288FC81BB42EA3000C386C /* Resources */,
			);
			buildRules = (
			);
			dependencies = (
				38288FCC1BB42EA3000C386C /* PBXTargetDependency */,
			);
			name = TalkinToTheNetTests;
			productName = TalkinToTheNetTests;
			productReference = 38288FCA1BB42EA3000C386C /* TalkinToTheNetTests.xctest */;
			productType = "com.apple.product-type.bundle.unit-test";
		};
/* End PBXNativeTarget section */

/* Begin PBXProject section */
		38288FA91BB42EA1000C386C /* Project object */ = {
			isa = PBXProject;
			attributes = {
				LastUpgradeCheck = 0640;
				ORGANIZATIONNAME = Henna;
				TargetAttributes = {
					38288FB01BB42EA1000C386C = {
						CreatedOnToolsVersion = 6.4;
					};
					38288FC91BB42EA3000C386C = {
						CreatedOnToolsVersion = 6.4;
						TestTargetID = 38288FB01BB42EA1000C386C;
					};
				};
			};
			buildConfigurationList = 38288FAC1BB42EA1000C386C /* Build configuration list for PBXProject "TalkinToTheNet" */;
			compatibilityVersion = "Xcode 3.2";
			developmentRegion = English;
			hasScannedForEncodings = 0;
			knownRegions = (
				en,
				Base,
			);
			mainGroup = 38288FA81BB42EA1000C386C;
			productRefGroup = 38288FB21BB42EA2000C386C /* Products */;
			projectDirPath = "";
			projectRoot = "";
			targets = (
				38288FB01BB42EA1000C386C /* TalkinToTheNet */,
				38288FC91BB42EA3000C386C /* TalkinToTheNetTests */,
			);
		};
/* End PBXProject section */

/* Begin PBXResourcesBuildPhase section */
		38288FAF1BB42EA1000C386C /* Resources */ = {
			isa = PBXResourcesBuildPhase;
			buildActionMask = 2147483647;
			files = (
				38288FC01BB42EA3000C386C /* Main.storyboard in Resources */,
				38288FC51BB42EA3000C386C /* LaunchScreen.xib in Resources */,
				38288FC21BB42EA3000C386C /* Images.xcassets in Resources */,
			);
			runOnlyForDeploymentPostprocessing = 0;
		};
		38288FC81BB42EA3000C386C /* Resources */ = {
			isa = PBXResourcesBuildPhase;
			buildActionMask = 2147483647;
			files = (
			);
			runOnlyForDeploymentPostprocessing = 0;
		};
/* End PBXResourcesBuildPhase section */

/* Begin PBXSourcesBuildPhase section */
		38288FAD1BB42EA1000C386C /* Sources */ = {
			isa = PBXSourcesBuildPhase;
			buildActionMask = 2147483647;
			files = (
				38288FDC1BB43481000C386C /* APIManager.m in Sources */,
				38288FBD1BB42EA3000C386C /* ViewController.m in Sources */,
				38288FDF1BB4351F000C386C /* place.m in Sources */,
				38288FBA1BB42EA3000C386C /* AppDelegate.m in Sources */,
				38288FB71BB42EA3000C386C /* main.m in Sources */,
				38288FE21BB45A3B000C386C /* placeDetailViewController.m in Sources */,
			);
			runOnlyForDeploymentPostprocessing = 0;
		};
		38288FC61BB42EA3000C386C /* Sources */ = {
			isa = PBXSourcesBuildPhase;
			buildActionMask = 2147483647;
			files = (
				38288FD11BB42EA3000C386C /* TalkinToTheNetTests.m in Sources */,
			);
			runOnlyForDeploymentPostprocessing = 0;
		};
/* End PBXSourcesBuildPhase section */

/* Begin PBXTargetDependency section */
		38288FCC1BB42EA3000C386C /* PBXTargetDependency */ = {
			isa = PBXTargetDependency;
			target = 38288FB01BB42EA1000C386C /* TalkinToTheNet */;
			targetProxy = 38288FCB1BB42EA3000C386C /* PBXContainerItemProxy */;
		};
/* End PBXTargetDependency section */

/* Begin PBXVariantGroup section */
		38288FBE1BB42EA3000C386C /* Main.storyboard */ = {
			isa = PBXVariantGroup;
			children = (
				38288FBF1BB42EA3000C386C /* Base */,
			);
			name = Main.storyboard;
			sourceTree = "<group>";
		};
		38288FC31BB42EA3000C386C /* LaunchScreen.xib */ = {
			isa = PBXVariantGroup;
			children = (
				38288FC41BB42EA3000C386C /* Base */,
			);
			name = LaunchScreen.xib;
			sourceTree = "<group>";
		};
/* End PBXVariantGroup section */

/* Begin XCBuildConfiguration section */
		38288FD21BB42EA3000C386C /* Debug */ = {
			isa = XCBuildConfiguration;
			buildSettings = {
				ALWAYS_SEARCH_USER_PATHS = NO;
				CLANG_CXX_LANGUAGE_STANDARD = "gnu++0x";
				CLANG_CXX_LIBRARY = "libc++";
				CLANG_ENABLE_MODULES = YES;
				CLANG_ENABLE_OBJC_ARC = YES;
				CLANG_WARN_BOOL_CONVERSION = YES;
				CLANG_WARN_CONSTANT_CONVERSION = YES;
				CLANG_WARN_DIRECT_OBJC_ISA_USAGE = YES_ERROR;
				CLANG_WARN_EMPTY_BODY = YES;
				CLANG_WARN_ENUM_CONVERSION = YES;
				CLANG_WARN_INT_CONVERSION = YES;
				CLANG_WARN_OBJC_ROOT_CLASS = YES_ERROR;
				CLANG_WARN_UNREACHABLE_CODE = YES;
				CLANG_WARN__DUPLICATE_METHOD_MATCH = YES;
				"CODE_SIGN_IDENTITY[sdk=iphoneos*]" = "iPhone Developer";
				COPY_PHASE_STRIP = NO;
				DEBUG_INFORMATION_FORMAT = "dwarf-with-dsym";
				ENABLE_STRICT_OBJC_MSGSEND = YES;
				GCC_C_LANGUAGE_STANDARD = gnu99;
				GCC_DYNAMIC_NO_PIC = NO;
				GCC_NO_COMMON_BLOCKS = YES;
				GCC_OPTIMIZATION_LEVEL = 0;
				GCC_PREPROCESSOR_DEFINITIONS = (
					"DEBUG=1",
					"$(inherited)",
				);
				GCC_SYMBOLS_PRIVATE_EXTERN = NO;
				GCC_WARN_64_TO_32_BIT_CONVERSION = YES;
				GCC_WARN_ABOUT_RETURN_TYPE = YES_ERROR;
				GCC_WARN_UNDECLARED_SELECTOR = YES;
				GCC_WARN_UNINITIALIZED_AUTOS = YES_AGGRESSIVE;
				GCC_WARN_UNUSED_FUNCTION = YES;
				GCC_WARN_UNUSED_VARIABLE = YES;
				IPHONEOS_DEPLOYMENT_TARGET = 8.4;
				MTL_ENABLE_DEBUG_INFO = YES;
				ONLY_ACTIVE_ARCH = YES;
				SDKROOT = iphoneos;
			};
			name = Debug;
		};
		38288FD31BB42EA3000C386C /* Release */ = {
			isa = XCBuildConfiguration;
			buildSettings = {
				ALWAYS_SEARCH_USER_PATHS = NO;
				CLANG_CXX_LANGUAGE_STANDARD = "gnu++0x";
				CLANG_CXX_LIBRARY = "libc++";
				CLANG_ENABLE_MODULES = YES;
				CLANG_ENABLE_OBJC_ARC = YES;
				CLANG_WARN_BOOL_CONVERSION = YES;
				CLANG_WARN_CONSTANT_CONVERSION = YES;
				CLANG_WARN_DIRECT_OBJC_ISA_USAGE = YES_ERROR;
				CLANG_WARN_EMPTY_BODY = YES;
				CLANG_WARN_ENUM_CONVERSION = YES;
				CLANG_WARN_INT_CONVERSION = YES;
				CLANG_WARN_OBJC_ROOT_CLASS = YES_ERROR;
				CLANG_WARN_UNREACHABLE_CODE = YES;
				CLANG_WARN__DUPLICATE_METHOD_MATCH = YES;
				"CODE_SIGN_IDENTITY[sdk=iphoneos*]" = "iPhone Developer";
				COPY_PHASE_STRIP = NO;
				DEBUG_INFORMATION_FORMAT = "dwarf-with-dsym";
				ENABLE_NS_ASSERTIONS = NO;
				ENABLE_STRICT_OBJC_MSGSEND = YES;
				GCC_C_LANGUAGE_STANDARD = gnu99;
				GCC_NO_COMMON_BLOCKS = YES;
				GCC_WARN_64_TO_32_BIT_CONVERSION = YES;
				GCC_WARN_ABOUT_RETURN_TYPE = YES_ERROR;
				GCC_WARN_UNDECLARED_SELECTOR = YES;
				GCC_WARN_UNINITIALIZED_AUTOS = YES_AGGRESSIVE;
				GCC_WARN_UNUSED_FUNCTION = YES;
				GCC_WARN_UNUSED_VARIABLE = YES;
				IPHONEOS_DEPLOYMENT_TARGET = 8.4;
				MTL_ENABLE_DEBUG_INFO = NO;
				SDKROOT = iphoneos;
				VALIDATE_PRODUCT = YES;
			};
			name = Release;
		};
		38288FD51BB42EA3000C386C /* Debug */ = {
			isa = XCBuildConfiguration;
			buildSettings = {
				ASSETCATALOG_COMPILER_APPICON_NAME = AppIcon;
				INFOPLIST_FILE = TalkinToTheNet/Info.plist;
				LD_RUNPATH_SEARCH_PATHS = "$(inherited) @executable_path/Frameworks";
				PRODUCT_NAME = "$(TARGET_NAME)";
			};
			name = Debug;
		};
		38288FD61BB42EA3000C386C /* Release */ = {
			isa = XCBuildConfiguration;
			buildSettings = {
				ASSETCATALOG_COMPILER_APPICON_NAME = AppIcon;
				INFOPLIST_FILE = TalkinToTheNet/Info.plist;
				LD_RUNPATH_SEARCH_PATHS = "$(inherited) @executable_path/Frameworks";
				PRODUCT_NAME = "$(TARGET_NAME)";
			};
			name = Release;
		};
		38288FD81BB42EA3000C386C /* Debug */ = {
			isa = XCBuildConfiguration;
			buildSettings = {
				BUNDLE_LOADER = "$(TEST_HOST)";
				FRAMEWORK_SEARCH_PATHS = (
					"$(SDKROOT)/Developer/Library/Frameworks",
					"$(inherited)",
				);
				GCC_PREPROCESSOR_DEFINITIONS = (
					"DEBUG=1",
					"$(inherited)",
				);
				INFOPLIST_FILE = TalkinToTheNetTests/Info.plist;
				LD_RUNPATH_SEARCH_PATHS = "$(inherited) @executable_path/Frameworks @loader_path/Frameworks";
				PRODUCT_NAME = "$(TARGET_NAME)";
				TEST_HOST = "$(BUILT_PRODUCTS_DIR)/TalkinToTheNet.app/TalkinToTheNet";
			};
			name = Debug;
		};
		38288FD91BB42EA3000C386C /* Release */ = {
			isa = XCBuildConfiguration;
			buildSettings = {
				BUNDLE_LOADER = "$(TEST_HOST)";
				FRAMEWORK_SEARCH_PATHS = (
					"$(SDKROOT)/Developer/Library/Frameworks",
					"$(inherited)",
				);
				INFOPLIST_FILE = TalkinToTheNetTests/Info.plist;
				LD_RUNPATH_SEARCH_PATHS = "$(inherited) @executable_path/Frameworks @loader_path/Frameworks";
				PRODUCT_NAME = "$(TARGET_NAME)";
				TEST_HOST = "$(BUILT_PRODUCTS_DIR)/TalkinToTheNet.app/TalkinToTheNet";
			};
			name = Release;
		};
/* End XCBuildConfiguration section */

/* Begin XCConfigurationList section */
		38288FAC1BB42EA1000C386C /* Build configuration list for PBXProject "TalkinToTheNet" */ = {
			isa = XCConfigurationList;
			buildConfigurations = (
				38288FD21BB42EA3000C386C /* Debug */,
				38288FD31BB42EA3000C386C /* Release */,
			);
			defaultConfigurationIsVisible = 0;
			defaultConfigurationName = Release;
		};
		38288FD41BB42EA3000C386C /* Build configuration list for PBXNativeTarget "TalkinToTheNet" */ = {
			isa = XCConfigurationList;
			buildConfigurations = (
				38288FD51BB42EA3000C386C /* Debug */,
				38288FD61BB42EA3000C386C /* Release */,
			);
			defaultConfigurationIsVisible = 0;
		};
		38288FD71BB42EA3000C386C /* Build configuration list for PBXNativeTarget "TalkinToTheNetTests" */ = {
			isa = XCConfigurationList;
			buildConfigurations = (
				38288FD81BB42EA3000C386C /* Debug */,
				38288FD91BB42EA3000C386C /* Release */,
			);
			defaultConfigurationIsVisible = 0;
		};
/* End XCConfigurationList section */
	};
	rootObject = 38288FA91BB42EA1000C386C /* Project object */;
}
